{
  "name": "TuTallerSystemFrontEndApp",
  "lockfileVersion": 2,
  "requires": true,
  "packages": {
    "": {
      "dependencies": {
        "nativescript-vue-navigator": "^1.2.0"
      }
    },
    "node_modules/nativescript-vue-navigator": {
      "version": "1.2.0",
      "resolved": "https://registry.npmjs.org/nativescript-vue-navigator/-/nativescript-vue-navigator-1.2.0.tgz",
      "integrity": "sha512-QkaHO0kA5wUCPWfMhNqG6UFgvVVZto+PBewN6oKhaWO/26YLQ/aJaCwfBbvRZJ66OlXrkRMc5pDtx8ig40ex7Q=="
    }
  },
  "dependencies": {
    "nativescript-vue-navigator": {
      "version": "1.2.0",
      "resolved": "https://registry.npmjs.org/nativescript-vue-navigator/-/nativescript-vue-navigator-1.2.0.tgz",
      "integrity": "sha512-QkaHO0kA5wUCPWfMhNqG6UFgvVVZto+PBewN6oKhaWO/26YLQ/aJaCwfBbvRZJ66OlXrkRMc5pDtx8ig40ex7Q=="
    }
  }
}
